<Solution>
  <Configurations>
    <Platform Name="ARM64" />
    <Platform Name="x64" />
    <Platform Name="x86" />
  </Configurations>
  <Project Path="MDEditor.csproj">
    <Platform Solution="*|ARM64" Project="ARM64" />
    <Platform Solution="*|x64" Project="x64" />
    <Platform Solution="*|x86" Project="x86" />
    <Deploy />
  </Project>
  <Project Path="../MDEditor.Core/MDEditor.Core.csproj">
    <Platform Solution="*|ARM64" Project="AnyCPU" />
    <Platform Solution="*|x64" Project="AnyCPU" />
    <Platform Solution="*|x86" Project="AnyCPU" />
  </Project>
  <Project Path="../MDEditor.Typesetting/MDEditor.Typesetting.csproj">
    <Platform Solution="*|ARM64" Project="AnyCPU" />
    <Platform Solution="*|x64" Project="AnyCPU" />
    <Platform Solution="*|x86" Project="AnyCPU" />
  </Project>
  <Project Path="../MDEditor.Native/MDEditor.Native.csproj">
    <Platform Solution="*|ARM64" Project="ARM64" />
    <Platform Solution="*|x64" Project="x64" />
    <Platform Solution="*|x86" Project="x86" />
  </Project>
  <Project Path="../MDEditor.MathWorker/MDEditor.MathWorker.csproj">
    <Platform Solution="*|ARM64" Project="ARM64" />
    <Platform Solution="*|x64" Project="x64" />
    <Platform Solution="*|x86" Project="x86" />
  </Project>
  <Project Path="../tests/MDEditor.Core.Tests/MDEditor.Core.Tests.csproj">
    <Platform Solution="*|ARM64" Project="AnyCPU" />
    <Platform Solution="*|x64" Project="AnyCPU" />
    <Platform Solution="*|x86" Project="AnyCPU" />
  </Project>
</Solution>
